
Microsoft Visual Studio Solution File, Format Version 12.00
# Visual Studio Version 16
VisualStudioVersion = 16.0.30204.135
MinimumVisualStudioVersion = 10.0.40219.1
Project("{9A19103F-16F7-4668-BE54-9A1E7A4F7556}") = "STDLib", "Lib\STDLib\STDLib.csproj", "{BC4CD050-7948-49B9-97B8-022E523385BF}"
EndProject
Project("{9A19103F-16F7-4668-BE54-9A1E7A4F7556}") = "ConnectionServer", "ConnectionServer\ConnectionServer.csproj", "{D84FD362-6571-4BB7-874D-5E1A80D89D99}"
EndProject
Global
	GlobalSection(SolutionConfigurationPlatforms) = preSolution
		Debug|Any CPU = Debug|Any CPU
		Release|Any CPU = Release|Any CPU
	EndGlobalSection
	GlobalSection(ProjectConfigurationPlatforms) = postSolution
		{BC4CD050-7948-49B9-97B8-022E523385BF}.Debug|Any CPU.ActiveCfg = Debug|Any CPU
		{BC4CD050-7948-49B9-97B8-022E523385BF}.Debug|Any CPU.Build.0 = Debug|Any CPU
		{BC4CD050-7948-49B9-97B8-022E523385BF}.Release|Any CPU.ActiveCfg = Release|Any CPU
		{BC4CD050-7948-49B9-97B8-022E523385BF}.Release|Any CPU.Build.0 = Release|Any CPU
		{D84FD362-6571-4BB7-874D-5E1A80D89D99}.Debug|Any CPU.ActiveCfg = Debug|Any CPU
		{D84FD362-6571-4BB7-874D-5E1A80D89D99}.Debug|Any CPU.Build.0 = Debug|Any CPU
		{D84FD362-6571-4BB7-874D-5E1A80D89D99}.Release|Any CPU.ActiveCfg = Release|Any CPU
		{D84FD362-6571-4BB7-874D-5E1A80D89D99}.Release|Any CPU.Build.0 = Release|Any CPU
	EndGlobalSection
	GlobalSection(SolutionProperties) = preSolution
		HideSolutionNode = FALSE
	EndGlobalSection
	GlobalSection(ExtensibilityGlobals) = postSolution
		SolutionGuid = {ED1627D6-ECC3-48BD-82FC-2D2CCEE86EBB}
	EndGlobalSection
EndGlobal
